// !$*UTF8*$!
{
	archiveVersion = 1;
	classes = {
	};
	objectVersion = 48;
	objects = {

/* Begin PBXBuildFile section */
		83A16C701F76CB2A0090A3A9 /* Assets.xcassets in Resources */ = {isa = PBXBuildFile; fileRef = 83A16C6F1F76CB2A0090A3A9 /* Assets.xcassets */; };
		83A16C771F76CB2A0090A3A9 /* MessagesSwipeDismissal MessagesExtension.appex in Embed App Extensions */ = {isa = PBXBuildFile; fileRef = 83A16C761F76CB2A0090A3A9 /* MessagesSwipeDismissal MessagesExtension.appex */; settings = {ATTRIBUTES = (RemoveHeadersOnCopy, ); }; };
		83A16C7C1F76CB2A0090A3A9 /* Messages.framework in Frameworks */ = {isa = PBXBuildFile; fileRef = 83A16C7B1F76CB2A0090A3A9 /* Messages.framework */; };
		83A16C7F1F76CB2A0090A3A9 /* MessagesViewController.swift in Sources */ = {isa = PBXBuildFile; fileRef = 83A16C7E1F76CB2A0090A3A9 /* MessagesViewController.swift */; };
		83A16C821F76CB2A0090A3A9 /* MainInterface.storyboard in Resources */ = {isa = PBXBuildFile; fileRef = 83A16C801F76CB2A0090A3A9 /* MainInterface.storyboard */; };
		83A16C841F76CB2A0090A3A9 /* Assets.xcassets in Resources */ = {isa = PBXBuildFile; fileRef = 83A16C831F76CB2A0090A3A9 /* Assets.xcassets */; };
		83A16C901F76CC390090A3A9 /* ViewController.swift in Sources */ = {isa = PBXBuildFile; fileRef = 83A16C8F1F76CC390090A3A9 /* ViewController.swift */; };
/* End PBXBuildFile section */

/* Begin PBXContainerItemProxy section */
		83A16C781F76CB2A0090A3A9 /* PBXContainerItemProxy */ = {
			isa = PBXContainerItemProxy;
			containerPortal = 83A16C661F76CB290090A3A9 /* Project object */;
			proxyType = 1;
			remoteGlobalIDString = 83A16C751F76CB2A0090A3A9;
			remoteInfo = "MessagesSwipeDismissal MessagesExtension";
		};
/* End PBXContainerItemProxy section */

/* Begin PBXCopyFilesBuildPhase section */
		83A16C8B1F76CB2A0090A3A9 /* Embed App Extensions */ = {
			isa = PBXCopyFilesBuildPhase;
			buildActionMask = 2147483647;
			dstPath = "";
			dstSubfolderSpec = 13;
			files = (
				83A16C771F76CB2A0090A3A9 /* MessagesSwipeDismissal MessagesExtension.appex in Embed App Extensions */,
			);
			name = "Embed App Extensions";
			runOnlyForDeploymentPostprocessing = 0;
		};
/* End PBXCopyFilesBuildPhase section */

/* Begin PBXFileReference section */
		83A16C6C1F76CB2A0090A3A9 /* MessagesSwipeDismissal.app */ = {isa = PBXFileReference; explicitFileType = wrapper.application; includeInIndex = 0; path = MessagesSwipeDismissal.app; sourceTree = BUILT_PRODUCTS_DIR; };
		83A16C6F1F76CB2A0090A3A9 /* Assets.xcassets */ = {isa = PBXFileReference; lastKnownFileType = folder.assetcatalog; path = Assets.xcassets; sourceTree = "<group>"; };
		83A16C711F76CB2A0090A3A9 /* Info.plist */ = {isa = PBXFileReference; lastKnownFileType = text.plist.xml; path = Info.plist; sourceTree = "<group>"; };
		83A16C761F76CB2A0090A3A9 /* MessagesSwipeDismissal MessagesExtension.appex */ = {isa = PBXFileReference; explicitFileType = "wrapper.app-extension"; includeInIndex = 0; path = "MessagesSwipeDismissal MessagesExtension.appex"; sourceTree = BUILT_PRODUCTS_DIR; };
		83A16C7B1F76CB2A0090A3A9 /* Messages.framework */ = {isa = PBXFileReference; lastKnownFileType = wrapper.framework; name = Messages.framework; path = System/Library/Frameworks/Messages.framework; sourceTree = SDKROOT; };
		83A16C7E1F76CB2A0090A3A9 /* MessagesViewController.swift */ = {isa = PBXFileReference; lastKnownFileType = sourcecode.swift; path = MessagesViewController.swift; sourceTree = "<group>"; };
		83A16C811F76CB2A0090A3A9 /* Base */ = {isa = PBXFileReference; lastKnownFileType = file.storyboard; name = Base; path = Base.lproj/MainInterface.storyboard; sourceTree = "<group>"; };
		83A16C831F76CB2A0090A3A9 /* Assets.xcassets */ = {isa = PBXFileReference; lastKnownFileType = folder.assetcatalog; path = Assets.xcassets; sourceTree = "<group>"; };
		83A16C851F76CB2A0090A3A9 /* Info.plist */ = {isa = PBXFileReference; lastKnownFileType = text.plist.xml; path = Info.plist; sourceTree = "<group>"; };
		83A16C8F1F76CC390090A3A9 /* ViewController.swift */ = {isa = PBXFileReference; lastKnownFileType = sourcecode.swift; path = ViewController.swift; sourceTree = "<group>"; };
/* End PBXFileReference section */

/* Begin PBXFrameworksBuildPhase section */
		83A16C731F76CB2A0090A3A9 /* Frameworks */ = {
			isa = PBXFrameworksBuildPhase;
			buildActionMask = 2147483647;
			files = (
				83A16C7C1F76CB2A0090A3A9 /* Messages.framework in Frameworks */,
			);
			runOnlyForDeploymentPostprocessing = 0;
		};
/* End PBXFrameworksBuildPhase section */

/* Begin PBXGroup section */
		83A16C651F76CB290090A3A9 = {
			isa = PBXGroup;
			children = (
				83A16C6E1F76CB2A0090A3A9 /* MessagesSwipeDismissal */,
				83A16C7D1F76CB2A0090A3A9 /* MessagesSwipeDismissal MessagesExtension */,
				83A16C7A1F76CB2A0090A3A9 /* Frameworks */,
				83A16C6D1F76CB2A0090A3A9 /* Products */,
			);
			sourceTree = "<group>";
		};
		83A16C6D1F76CB2A0090A3A9 /* Products */ = {
			isa = PBXGroup;
			children = (
				83A16C6C1F76CB2A0090A3A9 /* MessagesSwipeDismissal.app */,
				83A16C761F76CB2A0090A3A9 /* MessagesSwipeDismissal MessagesExtension.appex */,
			);
			name = Products;
			sourceTree = "<group>";
		};
		83A16C6E1F76CB2A0090A3A9 /* MessagesSwipeDismissal */ = {
			isa = PBXGroup;
			children = (
				83A16C6F1F76CB2A0090A3A9 /* Assets.xcassets */,
				83A16C711F76CB2A0090A3A9 /* Info.plist */,
			);
			path = MessagesSwipeDismissal;
			sourceTree = "<group>";
		};
		83A16C7A1F76CB2A0090A3A9 /* Frameworks */ = {
			isa = PBXGroup;
			children = (
				83A16C7B1F76CB2A0090A3A9 /* Messages.framework */,
			);
			name = Frameworks;
			sourceTree = "<group>";
		};
		83A16C7D1F76CB2A0090A3A9 /* MessagesSwipeDismissal MessagesExtension */ = {
			isa = PBXGroup;
			children = (
				83A16C7E1F76CB2A0090A3A9 /* MessagesViewController.swift */,
				83A16C801F76CB2A0090A3A9 /* MainInterface.storyboard */,
				83A16C831F76CB2A0090A3A9 /* Assets.xcassets */,
				83A16C851F76CB2A0090A3A9 /* Info.plist */,
				83A16C8F1F76CC390090A3A9 /* ViewController.swift */,
			);
			path = "MessagesSwipeDismissal MessagesExtension";
			sourceTree = "<group>";
		};
/* End PBXGroup section */

/* Begin PBXNativeTarget section */
		83A16C6B1F76CB2A0090A3A9 /* MessagesSwipeDismissal */ = {
			isa = PBXNativeTarget;
			buildConfigurationList = 83A16C8C1F76CB2A0090A3A9 /* Build configuration list for PBXNativeTarget "MessagesSwipeDismissal" */;
			buildPhases = (
				83A16C6A1F76CB2A0090A3A9 /* Resources */,
				83A16C8B1F76CB2A0090A3A9 /* Embed App Extensions */,
			);
			buildRules = (
			);
			dependencies = (
				83A16C791F76CB2A0090A3A9 /* PBXTargetDependency */,
			);
			name = MessagesSwipeDismissal;
			productName = MessagesSwipeDismissal;
			productReference = 83A16C6C1F76CB2A0090A3A9 /* MessagesSwipeDismissal.app */;
			productType = "com.apple.product-type.application.messages";
		};
		83A16C751F76CB2A0090A3A9 /* MessagesSwipeDismissal MessagesExtension */ = {
			isa = PBXNativeTarget;
			buildConfigurationList = 83A16C881F76CB2A0090A3A9 /* Build configuration list for PBXNativeTarget "MessagesSwipeDismissal MessagesExtension" */;
			buildPhases = (
				83A16C721F76CB2A0090A3A9 /* Sources */,
				83A16C731F76CB2A0090A3A9 /* Frameworks */,
				83A16C741F76CB2A0090A3A9 /* Resources */,
			);
			buildRules = (
			);
			dependencies = (
			);
			name = "MessagesSwipeDismissal MessagesExtension";
			productName = "MessagesSwipeDismissal MessagesExtension";
			productReference = 83A16C761F76CB2A0090A3A9 /* MessagesSwipeDismissal MessagesExtension.appex */;
			productType = "com.apple.product-type.app-extension.messages";
		};
/* End PBXNativeTarget section */

/* Begin PBXProject section */
		83A16C661F76CB290090A3A9 /* Project object */ = {
			isa = PBXProject;
			attributes = {
				LastSwiftUpdateCheck = 0900;
				LastUpgradeCheck = 0900;
				ORGANIZATIONNAME = WDDG;
				TargetAttributes = {
					83A16C6B1F76CB2A0090A3A9 = {
						CreatedOnToolsVersion = 9.0;
						ProvisioningStyle = Automatic;
					};
					83A16C751F76CB2A0090A3A9 = {
						CreatedOnToolsVersion = 9.0;
						ProvisioningStyle = Automatic;
					};
				};
			};
			buildConfigurationList = 83A16C691F76CB290090A3A9 /* Build configuration list for PBXProject "MessagesSwipeDismissal" */;
			compatibilityVersion = "Xcode 8.0";
			developmentRegion = en;
			hasScannedForEncodings = 0;
			knownRegions = (
				en,
				Base,
			);
			mainGroup = 83A16C651F76CB290090A3A9;
			productRefGroup = 83A16C6D1F76CB2A0090A3A9 /* Products */;
			projectDirPath = "";
			projectRoot = "";
			targets = (
				83A16C6B1F76CB2A0090A3A9 /* MessagesSwipeDismissal */,
				83A16C751F76CB2A0090A3A9 /* MessagesSwipeDismissal MessagesExtension */,
			);
		};
/* End PBXProject section */

/* Begin PBXResourcesBuildPhase section */
		83A16C6A1F76CB2A0090A3A9 /* Resources */ = {
			isa = PBXResourcesBuildPhase;
			buildActionMask = 2147483647;
			files = (
				83A16C701F76CB2A0090A3A9 /* Assets.xcassets in Resources */,
			);
			runOnlyForDeploymentPostprocessing = 0;
		};
		83A16C741F76CB2A0090A3A9 /* Resources */ = {
			isa = PBXResourcesBuildPhase;
			buildActionMask = 2147483647;
			files = (
				83A16C841F76CB2A0090A3A9 /* Assets.xcassets in Resources */,
				83A16C821F76CB2A0090A3A9 /* MainInterface.storyboard in Resources */,
			);
			runOnlyForDeploymentPostprocessing = 0;
		};
/* End PBXResourcesBuildPhase section */

/* Begin PBXSourcesBuildPhase section */
		83A16C721F76CB2A0090A3A9 /* Sources */ = {
			isa = PBXSourcesBuildPhase;
			buildActionMask = 2147483647;
			files = (
				83A16C901F76CC390090A3A9 /* ViewController.swift in Sources */,
				83A16C7F1F76CB2A0090A3A9 /* MessagesViewController.swift in Sources */,
			);
			runOnlyForDeploymentPostprocessing = 0;
		};
/* End PBXSourcesBuildPhase section */

/* Begin PBXTargetDependency section */
		83A16C791F76CB2A0090A3A9 /* PBXTargetDependency */ = {
			isa = PBXTargetDependency;
			target = 83A16C751F76CB2A0090A3A9 /* MessagesSwipeDismissal MessagesExtension */;
			targetProxy = 83A16C781F76CB2A0090A3A9 /* PBXContainerItemProxy */;
		};
/* End PBXTargetDependency section */

/* Begin PBXVariantGroup section */
		83A16C801F76CB2A0090A3A9 /* MainInterface.storyboard */ = {
			isa = PBXVariantGroup;
			children = (
				83A16C811F76CB2A0090A3A9 /* Base */,
			);
			name = MainInterface.storyboard;
			sourceTree = "<group>";
		};
/* End PBXVariantGroup section */

/* Begin XCBuildConfiguration section */
		83A16C861F76CB2A0090A3A9 /* Debug */ = {
			isa = XCBuildConfiguration;
			buildSettings = {
				ALWAYS_SEARCH_USER_PATHS = NO;
				CLANG_ANALYZER_NONNULL = YES;
				CLANG_ANALYZER_NUMBER_OBJECT_CONVERSION = YES_AGGRESSIVE;
				CLANG_CXX_LANGUAGE_STANDARD = "gnu++14";
				CLANG_CXX_LIBRARY = "libc++";
				CLANG_ENABLE_MODULES = YES;
				CLANG_ENABLE_OBJC_ARC = YES;
				CLANG_WARN_BLOCK_CAPTURE_AUTORELEASING = YES;
				CLANG_WARN_BOOL_CONVERSION = YES;
				CLANG_WARN_COMMA = YES;
				CLANG_WARN_CONSTANT_CONVERSION = YES;
				CLANG_WARN_DIRECT_OBJC_ISA_USAGE = YES_ERROR;
				CLANG_WARN_DOCUMENTATION_COMMENTS = YES;
				CLANG_WARN_EMPTY_BODY = YES;
				CLANG_WARN_ENUM_CONVERSION = YES;
				CLANG_WARN_INFINITE_RECURSION = YES;
				CLANG_WARN_INT_CONVERSION = YES;
				CLANG_WARN_NON_LITERAL_NULL_CONVERSION = YES;
				CLANG_WARN_OBJC_LITERAL_CONVERSION = YES;
				CLANG_WARN_OBJC_ROOT_CLASS = YES_ERROR;
				CLANG_WARN_RANGE_LOOP_ANALYSIS = YES;
				CLANG_WARN_STRICT_PROTOTYPES = YES;
				CLANG_WARN_SUSPICIOUS_MOVE = YES;
				CLANG_WARN_UNGUARDED_AVAILABILITY = YES_AGGRESSIVE;
				CLANG_WARN_UNREACHABLE_CODE = YES;
				CLANG_WARN__DUPLICATE_METHOD_MATCH = YES;
				CODE_SIGN_IDENTITY = "iPhone Developer";
				COPY_PHASE_STRIP = NO;
				DEBUG_INFORMATION_FORMAT = dwarf;
				ENABLE_STRICT_OBJC_MSGSEND = YES;
				ENABLE_TESTABILITY = YES;
				GCC_C_LANGUAGE_STANDARD = gnu11;
				GCC_DYNAMIC_NO_PIC = NO;
				GCC_NO_COMMON_BLOCKS = YES;
				GCC_OPTIMIZATION_LEVEL = 0;
				GCC_PREPROCESSOR_DEFINITIONS = (
					"DEBUG=1",
					"$(inherited)",
				);
				GCC_WARN_64_TO_32_BIT_CONVERSION = YES;
				GCC_WARN_ABOUT_RETURN_TYPE = YES_ERROR;
				GCC_WARN_UNDECLARED_SELECTOR = YES;
				GCC_WARN_UNINITIALIZED_AUTOS = YES_AGGRESSIVE;
				GCC_WARN_UNUSED_FUNCTION = YES;
				GCC_WARN_UNUSED_VARIABLE = YES;
				IPHONEOS_DEPLOYMENT_TARGET = 11.0;
				MTL_ENABLE_DEBUG_INFO = YES;
				ONLY_ACTIVE_ARCH = YES;
				SDKROOT = iphoneos;
				SWIFT_ACTIVE_COMPILATION_CONDITIONS = DEBUG;
				SWIFT_OPTIMIZATION_LEVEL = "-Onone";
			};
			name = Debug;
		};
		83A16C871F76CB2A0090A3A9 /* Release */ = {
			isa = XCBuildConfiguration;
			buildSettings = {
				ALWAYS_SEARCH_USER_PATHS = NO;
				CLANG_ANALYZER_NONNULL = YES;
				CLANG_ANALYZER_NUMBER_OBJECT_CONVERSION = YES_AGGRESSIVE;
				CLANG_CXX_LANGUAGE_STANDARD = "gnu++14";
				CLANG_CXX_LIBRARY = "libc++";
				CLANG_ENABLE_MODULES = YES;
				CLANG_ENABLE_OBJC_ARC = YES;
				CLANG_WARN_BLOCK_CAPTURE_AUTORELEASING = YES;
				CLANG_WARN_BOOL_CONVERSION = YES;
				CLANG_WARN_COMMA = YES;
				CLANG_WARN_CONSTANT_CONVERSION = YES;
				CLANG_WARN_DIRECT_OBJC_ISA_USAGE = YES_ERROR;
				CLANG_WARN_DOCUMENTATION_COMMENTS = YES;
				CLANG_WARN_EMPTY_BODY = YES;
				CLANG_WARN_ENUM_CONVERSION = YES;
				CLANG_WARN_INFINITE_RECURSION = YES;
				CLANG_WARN_INT_CONVERSION = YES;
				CLANG_WARN_NON_LITERAL_NULL_CONVERSION = YES;
				CLANG_WARN_OBJC_LITERAL_CONVERSION = YES;
				CLANG_WARN_OBJC_ROOT_CLASS = YES_ERROR;
				CLANG_WARN_RANGE_LOOP_ANALYSIS = YES;
				CLANG_WARN_STRICT_PROTOTYPES = YES;
				CLANG_WARN_SUSPICIOUS_MOVE = YES;
				CLANG_WARN_UNGUARDED_AVAILABILITY = YES_AGGRESSIVE;
				CLANG_WARN_UNREACHABLE_CODE = YES;
				CLANG_WARN__DUPLICATE_METHOD_MATCH = YES;
				CODE_SIGN_IDENTITY = "iPhone Developer";
				COPY_PHASE_STRIP = NO;
				DEBUG_INFORMATION_FORMAT = "dwarf-with-dsym";
				ENABLE_NS_ASSERTIONS = NO;
				ENABLE_STRICT_OBJC_MSGSEND = YES;
				GCC_C_LANGUAGE_STANDARD = gnu11;
				GCC_NO_COMMON_BLOCKS = YES;
				GCC_WARN_64_TO_32_BIT_CONVERSION = YES;
				GCC_WARN_ABOUT_RETURN_TYPE = YES_ERROR;
				GCC_WARN_UNDECLARED_SELECTOR = YES;
				GCC_WARN_UNINITIALIZED_AUTOS = YES_AGGRESSIVE;
				GCC_WARN_UNUSED_FUNCTION = YES;
				GCC_WARN_UNUSED_VARIABLE = YES;
				IPHONEOS_DEPLOYMENT_TARGET = 11.0;
				MTL_ENABLE_DEBUG_INFO = NO;
				SDKROOT = iphoneos;
				SWIFT_OPTIMIZATION_LEVEL = "-Owholemodule";
				VALIDATE_PRODUCT = YES;
			};
			name = Release;
		};
		83A16C891F76CB2A0090A3A9 /* Debug */ = {
			isa = XCBuildConfiguration;
			buildSettings = {
				ASSETCATALOG_COMPILER_APPICON_NAME = "iMessage App Icon";
				CODE_SIGN_STYLE = Automatic;
				DEVELOPMENT_TEAM = GUZE58C4S2;
				INFOPLIST_FILE = "MessagesSwipeDismissal MessagesExtension/Info.plist";
				LD_RUNPATH_SEARCH_PATHS = "$(inherited) @executable_path/Frameworks @executable_path/../../Frameworks";
				PRODUCT_BUNDLE_IDENTIFIER = Com.WDDG.MessagesSwipeDismissal.MessagesExtension;
				PRODUCT_NAME = "$(TARGET_NAME)";
				SKIP_INSTALL = YES;
				SWIFT_VERSION = 4.0;
				TARGETED_DEVICE_FAMILY = "1,2";
			};
			name = Debug;
		};
		83A16C8A1F76CB2A0090A3A9 /* Release */ = {
			isa = XCBuildConfiguration;
			buildSettings = {
				ASSETCATALOG_COMPILER_APPICON_NAME = "iMessage App Icon";
				CODE_SIGN_STYLE = Automatic;
				DEVELOPMENT_TEAM = GUZE58C4S2;
				INFOPLIST_FILE = "MessagesSwipeDismissal MessagesExtension/Info.plist";
				LD_RUNPATH_SEARCH_PATHS = "$(inherited) @executable_path/Frameworks @executable_path/../../Frameworks";
				PRODUCT_BUNDLE_IDENTIFIER = Com.WDDG.MessagesSwipeDismissal.MessagesExtension;
				PRODUCT_NAME = "$(TARGET_NAME)";
				SKIP_INSTALL = YES;
				SWIFT_VERSION = 4.0;
				TARGETED_DEVICE_FAMILY = "1,2";
			};
			name = Release;
		};
		83A16C8D1F76CB2A0090A3A9 /* Debug */ = {
			isa = XCBuildConfiguration;
			buildSettings = {
				ALWAYS_EMBED_SWIFT_STANDARD_LIBRARIES = YES;
				ASSETCATALOG_COMPILER_APPICON_NAME = AppIcon;
				CODE_SIGN_STYLE = Automatic;
				DEVELOPMENT_TEAM = GUZE58C4S2;
				INFOPLIST_FILE = MessagesSwipeDismissal/Info.plist;
				PRODUCT_BUNDLE_IDENTIFIER = Com.WDDG.MessagesSwipeDismissal;
				PRODUCT_NAME = "$(TARGET_NAME)";
				SWIFT_VERSION = 4.0;
				TARGETED_DEVICE_FAMILY = "1,2";
			};
			name = Debug;
		};
		83A16C8E1F76CB2A0090A3A9 /* Release */ = {
			isa = XCBuildConfiguration;
			buildSettings = {
				ALWAYS_EMBED_SWIFT_STANDARD_LIBRARIES = YES;
				ASSETCATALOG_COMPILER_APPICON_NAME = AppIcon;
				CODE_SIGN_STYLE = Automatic;
				DEVELOPMENT_TEAM = GUZE58C4S2;
				INFOPLIST_FILE = MessagesSwipeDismissal/Info.plist;
				PRODUCT_BUNDLE_IDENTIFIER = Com.WDDG.MessagesSwipeDismissal;
				PRODUCT_NAME = "$(TARGET_NAME)";
				SWIFT_VERSION = 4.0;
				TARGETED_DEVICE_FAMILY = "1,2";
			};
			name = Release;
		};
/* End XCBuildConfiguration section */

/* Begin XCConfigurationList section */
		83A16C691F76CB290090A3A9 /* Build configuration list for PBXProject "MessagesSwipeDismissal" */ = {
			isa = XCConfigurationList;
			buildConfigurations = (
				83A16C861F76CB2A0090A3A9 /* Debug */,
				83A16C871F76CB2A0090A3A9 /* Release */,
			);
			defaultConfigurationIsVisible = 0;
			defaultConfigurationName = Release;
		};
		83A16C881F76CB2A0090A3A9 /* Build configuration list for PBXNativeTarget "MessagesSwipeDismissal MessagesExtension" */ = {
			isa = XCConfigurationList;
			buildConfigurations = (
				83A16C891F76CB2A0090A3A9 /* Debug */,
				83A16C8A1F76CB2A0090A3A9 /* Release */,
			);
			defaultConfigurationIsVisible = 0;
			defaultConfigurationName = Release;
		};
		83A16C8C1F76CB2A0090A3A9 /* Build configuration list for PBXNativeTarget "MessagesSwipeDismissal" */ = {
			isa = XCConfigurationList;
			buildConfigurations = (
				83A16C8D1F76CB2A0090A3A9 /* Debug */,
				83A16C8E1F76CB2A0090A3A9 /* Release */,
			);
			defaultConfigurationIsVisible = 0;
			defaultConfigurationName = Release;
		};
/* End XCConfigurationList section */
	};
	rootObject = 83A16C661F76CB290090A3A9 /* Project object */;
}
